
Microsoft Visual Studio Solution File, Format Version 12.00
# Visual Studio Version 17
VisualStudioVersion = 17.1.32414.318
MinimumVisualStudioVersion = 10.0.40219.1
Project("{FAE04EC0-301F-11D3-BF4B-00C04F79EFBC}") = "RouletteRecorder", "RouletteRecorder\RouletteRecorder.csproj", "{112FE70D-6D9F-4C9F-B4E1-83F142BA36D2}"
	ProjectSection(ProjectDependencies) = postProject
		{F1092112-E746-4344-B55D-DA3C99C1A3E4} = {F1092112-E746-4344-B55D-DA3C99C1A3E4}
	EndProjectSection
EndProject
Project("{2150E333-8FDC-42A3-9474-1A3956D46DE8}") = "Solution Items", "Solution Items", "{CD17C8C5-E555-4DBF-92A7-A4447321D1D4}"
	ProjectSection(SolutionItems) = preProject
		.gitignore = .gitignore
		README.md = README.md
	EndProjectSection
EndProject
Project("{FAE04EC0-301F-11D3-BF4B-00C04F79EFBC}") = "RouletteRecorder.Packer", "RouletteRecorder.Packer\RouletteRecorder.Packer.csproj", "{F1092112-E746-4344-B55D-DA3C99C1A3E4}"
EndProject
Global
	GlobalSection(SolutionConfigurationPlatforms) = preSolution
		Debug|Any CPU = Debug|Any CPU
		Release|Any CPU = Release|Any CPU
	EndGlobalSection
	GlobalSection(ProjectConfigurationPlatforms) = postSolution
		{112FE70D-6D9F-4C9F-B4E1-83F142BA36D2}.Debug|Any CPU.ActiveCfg = Debug|Any CPU
		{112FE70D-6D9F-4C9F-B4E1-83F142BA36D2}.Debug|Any CPU.Build.0 = Debug|Any CPU
		{112FE70D-6D9F-4C9F-B4E1-83F142BA36D2}.Release|Any CPU.ActiveCfg = Release|Any CPU
		{112FE70D-6D9F-4C9F-B4E1-83F142BA36D2}.Release|Any CPU.Build.0 = Release|Any CPU
		{F1092112-E746-4344-B55D-DA3C99C1A3E4}.Debug|Any CPU.ActiveCfg = Debug|Any CPU
		{F1092112-E746-4344-B55D-DA3C99C1A3E4}.Debug|Any CPU.Build.0 = Debug|Any CPU
		{F1092112-E746-4344-B55D-DA3C99C1A3E4}.Release|Any CPU.ActiveCfg = Release|Any CPU
		{F1092112-E746-4344-B55D-DA3C99C1A3E4}.Release|Any CPU.Build.0 = Release|Any CPU
	EndGlobalSection
	GlobalSection(SolutionProperties) = preSolution
		HideSolutionNode = FALSE
	EndGlobalSection
	GlobalSection(ExtensibilityGlobals) = postSolution
		SolutionGuid = {D847B7CF-4D40-4F41-83BA-08A27E1A08D2}
	EndGlobalSection
EndGlobal
